schema: '2.0'
stages:
  data_cleaning:
    cmd: python src/data/data_cleaning.py
    deps:
    - path: data/raw/swiggy.csv
      hash: md5
      md5: 55bd6cc42f2360b5de9569cf9cbd8342
      size: 7726618
    - path: src/data/data_cleaning.py
      hash: md5
      md5: c83d4396390740a23b6eda9c88a9b317
      size: 9262
    outs:
    - path: data/cleaned/swiggy_cleaned.csv
      hash: md5
      md5: 355332e2d9978b88f83b0a50fe6aedb5
      size: 4463056
  data_preparation:
    cmd: python src/data/data_preparation.py
    deps:
    - path: data/cleaned/swiggy_cleaned.csv
      hash: md5
      md5: 355332e2d9978b88f83b0a50fe6aedb5
      size: 4463056
    - path: src/data/data_preparation.py
      hash: md5
      md5: 16ecbb51ab2c7c56e53343618823650b
      size: 2914
    params:
      params.yaml:
        Data_Preparation.random_state: 42
        Data_Preparation.test_size: 0.2
    outs:
    - path: data/interim/test.csv
      hash: md5
      md5: 9ce44807b0eea62cdc7b7a2d3a6243bb
      size: 892251
    - path: data/interim/train.csv
      hash: md5
      md5: 51889e15f53c4cdc2e92b1dad59d4e07
      size: 3568995
  data_preprocessing:
    cmd: python src/features/data_preprocessing.py
    deps:
    - path: data/interim/test.csv
      hash: md5
      md5: 9ce44807b0eea62cdc7b7a2d3a6243bb
      size: 892251
    - path: data/interim/train.csv
      hash: md5
      md5: 51889e15f53c4cdc2e92b1dad59d4e07
      size: 3568995
    - path: src/features/data_preprocessing.py
      hash: md5
      md5: 6d96b9514232a4b6d5a4367f8e1a2371
      size: 6759
    outs:
    - path: data/processed/test_trans.csv
      hash: md5
      md5: 5fe0dd533f7b80ff9376310e5b1483ee
      size: 1081726
    - path: data/processed/train_trans.csv
      hash: md5
      md5: 66b94e3dbc42e0df0014a65adc7f7fe6
      size: 4299283
    - path: models/preprocessor.joblib
      hash: md5
      md5: b539a3bb5e560f2bcf3b748996c28492
      size: 7236
  train:
    cmd: python src/models/train.py
    deps:
    - path: data/processed/train_trans.csv
      hash: md5
      md5: 66b94e3dbc42e0df0014a65adc7f7fe6
      size: 4299283
    - path: src/models/train.py
      hash: md5
      md5: dfc13bc04bbfdda3ceca398400c7b62f
      size: 4752
    params:
      params.yaml:
        Train.LightGBM:
          n_estimators: 154
          max_depth: 27
          learning_rate: 0.22234435854395157
          subsample: 0.7592213724048168
          min_child_weight: 20
          min_split_gain: 0.004604680609280751
          reg_lambda: 97.81002379097947
          n_jobs: -1
        Train.Random_Forest:
          n_estimators: 479
          criterion: squared_error
          max_depth: 17
          max_features: 1
          min_samples_split: 9
          min_samples_leaf: 2
          max_samples: 0.6603673526197066
          verbose: 1
          n_jobs: -1
    outs:
    - path: models/model.joblib
      hash: md5
      md5: e55bd81d0ec557c710d128a532ab3815
      size: 157817880
    - path: models/power_transformer.joblib
      hash: md5
      md5: 0af11c8dc75b1f27a6d8968c82e74d9e
      size: 837
    - path: models/stacking_regressor.joblib
      hash: md5
      md5: fbb153aaed6f16675b3b4219fff1553f
      size: 157806298
  evaluation:
    cmd: python src/models/evaluation.py
    deps:
    - path: data/processed/test_trans.csv
      hash: md5
      md5: 5fe0dd533f7b80ff9376310e5b1483ee
      size: 1081726
    - path: data/processed/train_trans.csv
      hash: md5
      md5: 66b94e3dbc42e0df0014a65adc7f7fe6
      size: 4299283
    - path: models/model.joblib
      hash: md5
      md5: e55bd81d0ec557c710d128a532ab3815
      size: 157817880
    - path: src/models/evaluation.py
      hash: md5
      md5: 1fed8c7359e6194cf5eb8e0be27d5123
      size: 5877
    outs:
    - path: run_information.json
      hash: md5
      md5: 06bc6debba71bafc54c5ead1e2420801
      size: 216
  register_model:
    cmd: python src/models/register_model.py
    deps:
    - path: run_information.json
      hash: md5
      md5: 06bc6debba71bafc54c5ead1e2420801
      size: 216
    - path: src/models/register_model.py
      hash: md5
      md5: 5136bab4ddd2cb07db487ad86a1bf91e
      size: 2093
